
Microsoft Visual Studio Solution File, Format Version 12.00
# Visual Studio Version 16
VisualStudioVersion = 16.0.810.8
MinimumVisualStudioVersion = 10.0.40219.1
Project("{FAE04EC0-301F-11D3-BF4B-00C04F79EFBC}") = "proj", "proj\proj.csproj", "{2C8C1187-C712-4168-92F0-375252D1BE5E}"
EndProject
Global
	GlobalSection(SolutionConfigurationPlatforms) = preSolution
		Debug|Any CPU = Debug|Any CPU
		Release|Any CPU = Release|Any CPU
	EndGlobalSection
	GlobalSection(ProjectConfigurationPlatforms) = postSolution
		{2C8C1187-C712-4168-92F0-375252D1BE5E}.Debug|Any CPU.ActiveCfg = Debug|Any CPU
		{2C8C1187-C712-4168-92F0-375252D1BE5E}.Debug|Any CPU.Build.0 = Debug|Any CPU
		{2C8C1187-C712-4168-92F0-375252D1BE5E}.Release|Any CPU.ActiveCfg = Release|Any CPU
		{2C8C1187-C712-4168-92F0-375252D1BE5E}.Release|Any CPU.Build.0 = Release|Any CPU
	EndGlobalSection
	GlobalSection(SolutionProperties) = preSolution
		HideSolutionNode = FALSE
	EndGlobalSection
	GlobalSection(ExtensibilityGlobals) = postSolution
		SolutionGuid = {937FA6E2-AB0F-452C-A016-FD2F2EEE1B10}
	EndGlobalSection
EndGlobal
